// !$*UTF8*$!
{
	archiveVersion = 1;
	classes = {
	};
	objectVersion = 46;
	objects = {

/* Begin PBXBuildFile section */
		0919233B1A0BD57600538C0C /* Foundation.framework in Frameworks */ = {isa = PBXBuildFile; fileRef = 0919233A1A0BD57600538C0C /* Foundation.framework */; };
		0919233D1A0BD57600538C0C /* CoreGraphics.framework in Frameworks */ = {isa = PBXBuildFile; fileRef = 0919233C1A0BD57600538C0C /* CoreGraphics.framework */; };
		0919233F1A0BD57600538C0C /* UIKit.framework in Frameworks */ = {isa = PBXBuildFile; fileRef = 0919233E1A0BD57600538C0C /* UIKit.framework */; };
		091923451A0BD57600538C0C /* InfoPlist.strings in Resources */ = {isa = PBXBuildFile; fileRef = 091923431A0BD57600538C0C /* InfoPlist.strings */; };
		091923471A0BD57600538C0C /* main.m in Sources */ = {isa = PBXBuildFile; fileRef = 091923461A0BD57600538C0C /* main.m */; };
		0919234B1A0BD57600538C0C /* AppDelegate.m in Sources */ = {isa = PBXBuildFile; fileRef = 0919234A1A0BD57600538C0C /* AppDelegate.m */; };
		0919234D1A0BD57600538C0C /* Images.xcassets in Resources */ = {isa = PBXBuildFile; fileRef = 0919234C1A0BD57600538C0C /* Images.xcassets */; };
		091923541A0BD57600538C0C /* XCTest.framework in Frameworks */ = {isa = PBXBuildFile; fileRef = 091923531A0BD57600538C0C /* XCTest.framework */; };
		091923551A0BD57600538C0C /* Foundation.framework in Frameworks */ = {isa = PBXBuildFile; fileRef = 0919233A1A0BD57600538C0C /* Foundation.framework */; };
		091923561A0BD57600538C0C /* UIKit.framework in Frameworks */ = {isa = PBXBuildFile; fileRef = 0919233E1A0BD57600538C0C /* UIKit.framework */; };
		0919235E1A0BD57600538C0C /* InfoPlist.strings in Resources */ = {isa = PBXBuildFile; fileRef = 0919235C1A0BD57600538C0C /* InfoPlist.strings */; };
		091923601A0BD57600538C0C /* ADweiboTests.m in Sources */ = {isa = PBXBuildFile; fileRef = 0919235F1A0BD57600538C0C /* ADweiboTests.m */; };
		091923831A0BD77F00538C0C /* ADDiscoverTableViewController.m in Sources */ = {isa = PBXBuildFile; fileRef = 091923821A0BD77F00538C0C /* ADDiscoverTableViewController.m */; };
		091923861A0BD79100538C0C /* ADHomeTableViewController.m in Sources */ = {isa = PBXBuildFile; fileRef = 091923851A0BD79100538C0C /* ADHomeTableViewController.m */; };
		091923891A0BD7A500538C0C /* ADMeTableViewController.m in Sources */ = {isa = PBXBuildFile; fileRef = 091923881A0BD7A500538C0C /* ADMeTableViewController.m */; };
		0919238C1A0BD7B500538C0C /* ADMessageTableViewController.m in Sources */ = {isa = PBXBuildFile; fileRef = 0919238B1A0BD7B500538C0C /* ADMessageTableViewController.m */; };
		0919238F1A0BDAE900538C0C /* ADTabBarController.m in Sources */ = {isa = PBXBuildFile; fileRef = 0919238E1A0BDAE900538C0C /* ADTabBarController.m */; };
		091923931A0BDB5F00538C0C /* UIImage+AD.m in Sources */ = {isa = PBXBuildFile; fileRef = 091923921A0BDB5F00538C0C /* UIImage+AD.m */; };
		09A299BB1A0D33560073659F /* ADSearbar.m in Sources */ = {isa = PBXBuildFile; fileRef = 09A299BA1A0D33560073659F /* ADSearbar.m */; };
		09A299C11A0D3BCD0073659F /* UIBarButtonItem+Custom.m in Sources */ = {isa = PBXBuildFile; fileRef = 09A299C01A0D3BCD0073659F /* UIBarButtonItem+Custom.m */; };
		09A299C81A0D3CA60073659F /* TitleButton.m in Sources */ = {isa = PBXBuildFile; fileRef = 09A299C71A0D3CA60073659F /* TitleButton.m */; };
		09A339961A0E0A6100A45ADF /* WelcomeViewController.m in Sources */ = {isa = PBXBuildFile; fileRef = 09A339951A0E0A6100A45ADF /* WelcomeViewController.m */; };
		09A6CF771A0C9F840004543A /* Reveal.framework in Frameworks */ = {isa = PBXBuildFile; fileRef = 09A6CF761A0C9F840004543A /* Reveal.framework */; };
		09A6CF7A1A0CAFE30004543A /* ADNavigationViewController.m in Sources */ = {isa = PBXBuildFile; fileRef = 09A6CF791A0CAFE30004543A /* ADNavigationViewController.m */; };
		09A75D7F1A0DEDF100A5B409 /* AlertView.m in Sources */ = {isa = PBXBuildFile; fileRef = 09A75D7E1A0DEDF100A5B409 /* AlertView.m */; };
		09ED8BAA1A0BDF9600328400 /* ADTabBar.m in Sources */ = {isa = PBXBuildFile; fileRef = 09ED8BA91A0BDF9600328400 /* ADTabBar.m */; };
		09ED8BAD1A0BE15100328400 /* ADTabBarButton.m in Sources */ = {isa = PBXBuildFile; fileRef = 09ED8BAC1A0BE15100328400 /* ADTabBarButton.m */; };
		09ED8BB01A0BEA9000328400 /* ADBadgeButton.m in Sources */ = {isa = PBXBuildFile; fileRef = 09ED8BAF1A0BEA9000328400 /* ADBadgeButton.m */; };
/* End PBXBuildFile section */

/* Begin PBXContainerItemProxy section */
		091923571A0BD57600538C0C /* PBXContainerItemProxy */ = {
			isa = PBXContainerItemProxy;
			containerPortal = 0919232F1A0BD57600538C0C /* Project object */;
			proxyType = 1;
			remoteGlobalIDString = 091923361A0BD57600538C0C;
			remoteInfo = ADweibo;
		};
/* End PBXContainerItemProxy section */

/* Begin PBXFileReference section */
		091923371A0BD57600538C0C /* ADweibo.app */ = {isa = PBXFileReference; explicitFileType = wrapper.application; includeInIndex = 0; path = ADweibo.app; sourceTree = BUILT_PRODUCTS_DIR; };
		0919233A1A0BD57600538C0C /* Foundation.framework */ = {isa = PBXFileReference; lastKnownFileType = wrapper.framework; name = Foundation.framework; path = System/Library/Frameworks/Foundation.framework; sourceTree = SDKROOT; };
		0919233C1A0BD57600538C0C /* CoreGraphics.framework */ = {isa = PBXFileReference; lastKnownFileType = wrapper.framework; name = CoreGraphics.framework; path = System/Library/Frameworks/CoreGraphics.framework; sourceTree = SDKROOT; };
		0919233E1A0BD57600538C0C /* UIKit.framework */ = {isa = PBXFileReference; lastKnownFileType = wrapper.framework; name = UIKit.framework; path = System/Library/Frameworks/UIKit.framework; sourceTree = SDKROOT; };
		091923421A0BD57600538C0C /* ADweibo-Info.plist */ = {isa = PBXFileReference; lastKnownFileType = text.plist.xml; path = "ADweibo-Info.plist"; sourceTree = "<group>"; };
		091923441A0BD57600538C0C /* en */ = {isa = PBXFileReference; lastKnownFileType = text.plist.strings; name = en; path = en.lproj/InfoPlist.strings; sourceTree = "<group>"; };
		091923461A0BD57600538C0C /* main.m */ = {isa = PBXFileReference; lastKnownFileType = sourcecode.c.objc; path = main.m; sourceTree = "<group>"; };
		091923481A0BD57600538C0C /* ADweibo-Prefix.pch */ = {isa = PBXFileReference; lastKnownFileType = sourcecode.c.h; path = "ADweibo-Prefix.pch"; sourceTree = "<group>"; };
		091923491A0BD57600538C0C /* AppDelegate.h */ = {isa = PBXFileReference; lastKnownFileType = sourcecode.c.h; path = AppDelegate.h; sourceTree = "<group>"; };
		0919234A1A0BD57600538C0C /* AppDelegate.m */ = {isa = PBXFileReference; lastKnownFileType = sourcecode.c.objc; path = AppDelegate.m; sourceTree = "<group>"; };
		0919234C1A0BD57600538C0C /* Images.xcassets */ = {isa = PBXFileReference; lastKnownFileType = folder.assetcatalog; path = Images.xcassets; sourceTree = "<group>"; };
		091923521A0BD57600538C0C /* ADweiboTests.xctest */ = {isa = PBXFileReference; explicitFileType = wrapper.cfbundle; includeInIndex = 0; path = ADweiboTests.xctest; sourceTree = BUILT_PRODUCTS_DIR; };
		091923531A0BD57600538C0C /* XCTest.framework */ = {isa = PBXFileReference; lastKnownFileType = wrapper.framework; name = XCTest.framework; path = Library/Frameworks/XCTest.framework; sourceTree = DEVELOPER_DIR; };
		0919235B1A0BD57600538C0C /* ADweiboTests-Info.plist */ = {isa = PBXFileReference; lastKnownFileType = text.plist.xml; path = "ADweiboTests-Info.plist"; sourceTree = "<group>"; };
		0919235D1A0BD57600538C0C /* en */ = {isa = PBXFileReference; lastKnownFileType = text.plist.strings; name = en; path = en.lproj/InfoPlist.strings; sourceTree = "<group>"; };
		0919235F1A0BD57600538C0C /* ADweiboTests.m */ = {isa = PBXFileReference; lastKnownFileType = sourcecode.c.objc; path = ADweiboTests.m; sourceTree = "<group>"; };
		091923811A0BD77F00538C0C /* ADDiscoverTableViewController.h */ = {isa = PBXFileReference; fileEncoding = 4; lastKnownFileType = sourcecode.c.h; path = ADDiscoverTableViewController.h; sourceTree = "<group>"; };
		091923821A0BD77F00538C0C /* ADDiscoverTableViewController.m */ = {isa = PBXFileReference; fileEncoding = 4; lastKnownFileType = sourcecode.c.objc; path = ADDiscoverTableViewController.m; sourceTree = "<group>"; };
		091923841A0BD79100538C0C /* ADHomeTableViewController.h */ = {isa = PBXFileReference; fileEncoding = 4; lastKnownFileType = sourcecode.c.h; path = ADHomeTableViewController.h; sourceTree = "<group>"; };
		091923851A0BD79100538C0C /* ADHomeTableViewController.m */ = {isa = PBXFileReference; fileEncoding = 4; lastKnownFileType = sourcecode.c.objc; path = ADHomeTableViewController.m; sourceTree = "<group>"; };
		091923871A0BD7A500538C0C /* ADMeTableViewController.h */ = {isa = PBXFileReference; fileEncoding = 4; lastKnownFileType = sourcecode.c.h; path = ADMeTableViewController.h; sourceTree = "<group>"; };
		091923881A0BD7A500538C0C /* ADMeTableViewController.m */ = {isa = PBXFileReference; fileEncoding = 4; lastKnownFileType = sourcecode.c.objc; path = ADMeTableViewController.m; sourceTree = "<group>"; };
		0919238A1A0BD7B500538C0C /* ADMessageTableViewController.h */ = {isa = PBXFileReference; fileEncoding = 4; lastKnownFileType = sourcecode.c.h; path = ADMessageTableViewController.h; sourceTree = "<group>"; };
		0919238B1A0BD7B500538C0C /* ADMessageTableViewController.m */ = {isa = PBXFileReference; fileEncoding = 4; lastKnownFileType = sourcecode.c.objc; path = ADMessageTableViewController.m; sourceTree = "<group>"; };
		0919238D1A0BDAE900538C0C /* ADTabBarController.h */ = {isa = PBXFileReference; fileEncoding = 4; lastKnownFileType = sourcecode.c.h; path = ADTabBarController.h; sourceTree = "<group>"; };
		0919238E1A0BDAE900538C0C /* ADTabBarController.m */ = {isa = PBXFileReference; fileEncoding = 4; lastKnownFileType = sourcecode.c.objc; path = ADTabBarController.m; sourceTree = "<group>"; };
		091923911A0BDB5F00538C0C /* UIImage+AD.h */ = {isa = PBXFileReference; fileEncoding = 4; lastKnownFileType = sourcecode.c.h; path = "UIImage+AD.h"; sourceTree = "<group>"; };
		091923921A0BDB5F00538C0C /* UIImage+AD.m */ = {isa = PBXFileReference; fileEncoding = 4; lastKnownFileType = sourcecode.c.objc; path = "UIImage+AD.m"; sourceTree = "<group>"; };
		09A299B91A0D33560073659F /* ADSearbar.h */ = {isa = PBXFileReference; fileEncoding = 4; lastKnownFileType = sourcecode.c.h; path = ADSearbar.h; sourceTree = "<group>"; };
		09A299BA1A0D33560073659F /* ADSearbar.m */ = {isa = PBXFileReference; fileEncoding = 4; lastKnownFileType = sourcecode.c.objc; path = ADSearbar.m; sourceTree = "<group>"; };
		09A299BF1A0D3BCD0073659F /* UIBarButtonItem+Custom.h */ = {isa = PBXFileReference; fileEncoding = 4; lastKnownFileType = sourcecode.c.h; path = "UIBarButtonItem+Custom.h"; sourceTree = "<group>"; };
		09A299C01A0D3BCD0073659F /* UIBarButtonItem+Custom.m */ = {isa = PBXFileReference; fileEncoding = 4; lastKnownFileType = sourcecode.c.objc; path = "UIBarButtonItem+Custom.m"; sourceTree = "<group>"; };
		09A299C61A0D3CA60073659F /* TitleButton.h */ = {isa = PBXFileReference; fileEncoding = 4; lastKnownFileType = sourcecode.c.h; path = TitleButton.h; sourceTree = "<group>"; };
		09A299C71A0D3CA60073659F /* TitleButton.m */ = {isa = PBXFileReference; fileEncoding = 4; lastKnownFileType = sourcecode.c.objc; path = TitleButton.m; sourceTree = "<group>"; };
		09A339941A0E0A6100A45ADF /* WelcomeViewController.h */ = {isa = PBXFileReference; fileEncoding = 4; lastKnownFileType = sourcecode.c.h; path = WelcomeViewController.h; sourceTree = "<group>"; };
		09A339951A0E0A6100A45ADF /* WelcomeViewController.m */ = {isa = PBXFileReference; fileEncoding = 4; lastKnownFileType = sourcecode.c.objc; path = WelcomeViewController.m; sourceTree = "<group>"; };
		09A6CF761A0C9F840004543A /* Reveal.framework */ = {isa = PBXFileReference; lastKnownFileType = wrapper.framework; path = Reveal.framework; sourceTree = "<group>"; };
		09A6CF781A0CAFE30004543A /* ADNavigationViewController.h */ = {isa = PBXFileReference; fileEncoding = 4; lastKnownFileType = sourcecode.c.h; name = ADNavigationViewController.h; path = ../Home/Controller/ADNavigationViewController.h; sourceTree = "<group>"; };
		09A6CF791A0CAFE30004543A /* ADNavigationViewController.m */ = {isa = PBXFileReference; fileEncoding = 4; lastKnownFileType = sourcecode.c.objc; name = ADNavigationViewController.m; path = ../Home/Controller/ADNavigationViewController.m; sourceTree = "<group>"; };
		09A75D7D1A0DEDF100A5B409 /* AlertView.h */ = {isa = PBXFileReference; fileEncoding = 4; lastKnownFileType = sourcecode.c.h; path = AlertView.h; sourceTree = "<group>"; };
		09A75D7E1A0DEDF100A5B409 /* AlertView.m */ = {isa = PBXFileReference; fileEncoding = 4; lastKnownFileType = sourcecode.c.objc; path = AlertView.m; sourceTree = "<group>"; };
		09ED8BA81A0BDF9600328400 /* ADTabBar.h */ = {isa = PBXFileReference; fileEncoding = 4; lastKnownFileType = sourcecode.c.h; path = ADTabBar.h; sourceTree = "<group>"; };
		09ED8BA91A0BDF9600328400 /* ADTabBar.m */ = {isa = PBXFileReference; fileEncoding = 4; lastKnownFileType = sourcecode.c.objc; path = ADTabBar.m; sourceTree = "<group>"; };
		09ED8BAB1A0BE15100328400 /* ADTabBarButton.h */ = {isa = PBXFileReference; fileEncoding = 4; lastKnownFileType = sourcecode.c.h; path = ADTabBarButton.h; sourceTree = "<group>"; };
		09ED8BAC1A0BE15100328400 /* ADTabBarButton.m */ = {isa = PBXFileReference; fileEncoding = 4; lastKnownFileType = sourcecode.c.objc; path = ADTabBarButton.m; sourceTree = "<group>"; };
		09ED8BAE1A0BEA9000328400 /* ADBadgeButton.h */ = {isa = PBXFileReference; fileEncoding = 4; lastKnownFileType = sourcecode.c.h; path = ADBadgeButton.h; sourceTree = "<group>"; };
		09ED8BAF1A0BEA9000328400 /* ADBadgeButton.m */ = {isa = PBXFileReference; fileEncoding = 4; lastKnownFileType = sourcecode.c.objc; path = ADBadgeButton.m; sourceTree = "<group>"; };
/* End PBXFileReference section */

/* Begin PBXFrameworksBuildPhase section */
		091923341A0BD57600538C0C /* Frameworks */ = {
			isa = PBXFrameworksBuildPhase;
			buildActionMask = 2147483647;
			files = (
				0919233D1A0BD57600538C0C /* CoreGraphics.framework in Frameworks */,
				0919233F1A0BD57600538C0C /* UIKit.framework in Frameworks */,
				0919233B1A0BD57600538C0C /* Foundation.framework in Frameworks */,
				09A6CF771A0C9F840004543A /* Reveal.framework in Frameworks */,
			);
			runOnlyForDeploymentPostprocessing = 0;
		};
		0919234F1A0BD57600538C0C /* Frameworks */ = {
			isa = PBXFrameworksBuildPhase;
			buildActionMask = 2147483647;
			files = (
				091923541A0BD57600538C0C /* XCTest.framework in Frameworks */,
				091923561A0BD57600538C0C /* UIKit.framework in Frameworks */,
				091923551A0BD57600538C0C /* Foundation.framework in Frameworks */,
			);
			runOnlyForDeploymentPostprocessing = 0;
		};
/* End PBXFrameworksBuildPhase section */

/* Begin PBXGroup section */
		0919232E1A0BD57600538C0C = {
			isa = PBXGroup;
			children = (
				091923401A0BD57600538C0C /* ADweibo */,
				091923591A0BD57600538C0C /* ADweiboTests */,
				091923391A0BD57600538C0C /* Frameworks */,
				091923381A0BD57600538C0C /* Products */,
			);
			sourceTree = "<group>";
		};
		091923381A0BD57600538C0C /* Products */ = {
			isa = PBXGroup;
			children = (
				091923371A0BD57600538C0C /* ADweibo.app */,
				091923521A0BD57600538C0C /* ADweiboTests.xctest */,
			);
			name = Products;
			sourceTree = "<group>";
		};
		091923391A0BD57600538C0C /* Frameworks */ = {
			isa = PBXGroup;
			children = (
				0919233A1A0BD57600538C0C /* Foundation.framework */,
				0919233C1A0BD57600538C0C /* CoreGraphics.framework */,
				0919233E1A0BD57600538C0C /* UIKit.framework */,
				091923531A0BD57600538C0C /* XCTest.framework */,
			);
			name = Frameworks;
			sourceTree = "<group>";
		};
		091923401A0BD57600538C0C /* ADweibo */ = {
			isa = PBXGroup;
			children = (
				091923691A0BD62A00538C0C /* classes */,
				091923491A0BD57600538C0C /* AppDelegate.h */,
				0919234A1A0BD57600538C0C /* AppDelegate.m */,
				0919234C1A0BD57600538C0C /* Images.xcassets */,
				091923411A0BD57600538C0C /* Supporting Files */,
			);
			path = ADweibo;
			sourceTree = "<group>";
		};
		091923411A0BD57600538C0C /* Supporting Files */ = {
			isa = PBXGroup;
			children = (
				091923421A0BD57600538C0C /* ADweibo-Info.plist */,
				091923431A0BD57600538C0C /* InfoPlist.strings */,
				091923461A0BD57600538C0C /* main.m */,
				091923481A0BD57600538C0C /* ADweibo-Prefix.pch */,
			);
			name = "Supporting Files";
			sourceTree = "<group>";
		};
		091923591A0BD57600538C0C /* ADweiboTests */ = {
			isa = PBXGroup;
			children = (
				0919235F1A0BD57600538C0C /* ADweiboTests.m */,
				0919235A1A0BD57600538C0C /* Supporting Files */,
			);
			path = ADweiboTests;
			sourceTree = "<group>";
		};
		0919235A1A0BD57600538C0C /* Supporting Files */ = {
			isa = PBXGroup;
			children = (
				0919235B1A0BD57600538C0C /* ADweiboTests-Info.plist */,
				0919235C1A0BD57600538C0C /* InfoPlist.strings */,
			);
			name = "Supporting Files";
			sourceTree = "<group>";
		};
		091923691A0BD62A00538C0C /* classes */ = {
			isa = PBXGroup;
			children = (
				0919237A1A0BD6D800538C0C /* Main */,
				0919236E1A0BD62A00538C0C /* Home */,
				0919236A1A0BD62A00538C0C /* Discover */,
				091923721A0BD62A00538C0C /* Me */,
				091923761A0BD62A00538C0C /* Message */,
				09A339931A0E0A0800A45ADF /* Welcome */,
				091923901A0BDB3500538C0C /* Category */,
				09A6CF751A0C9F5D0004543A /* lib */,
			);
			path = classes;
			sourceTree = "<group>";
		};
		0919236A1A0BD62A00538C0C /* Discover */ = {
			isa = PBXGroup;
			children = (
				0919236B1A0BD62A00538C0C /* Controller */,
				09A299C21A0D3C4A0073659F /* Mode */,
				09A299C31A0D3C4A0073659F /* View */,
			);
			path = Discover;
			sourceTree = "<group>";
		};
		0919236B1A0BD62A00538C0C /* Controller */ = {
			isa = PBXGroup;
			children = (
				091923811A0BD77F00538C0C /* ADDiscoverTableViewController.h */,
				091923821A0BD77F00538C0C /* ADDiscoverTableViewController.m */,
			);
			path = Controller;
			sourceTree = "<group>";
		};
		0919236E1A0BD62A00538C0C /* Home */ = {
			isa = PBXGroup;
			children = (
				0919236F1A0BD62A00538C0C /* Controller */,
				09A299C41A0D3CA60073659F /* Mode */,
				09A299C51A0D3CA60073659F /* View */,
			);
			path = Home;
			sourceTree = "<group>";
		};
		0919236F1A0BD62A00538C0C /* Controller */ = {
			isa = PBXGroup;
			children = (
				091923841A0BD79100538C0C /* ADHomeTableViewController.h */,
				091923851A0BD79100538C0C /* ADHomeTableViewController.m */,
			);
			path = Controller;
			sourceTree = "<group>";
		};
		091923721A0BD62A00538C0C /* Me */ = {
			isa = PBXGroup;
			children = (
				091923731A0BD62A00538C0C /* Controller */,
				09A299C91A0D3CCA0073659F /* Mode */,
				09A299CA1A0D3CCA0073659F /* View */,
			);
			path = Me;
			sourceTree = "<group>";
		};
		091923731A0BD62A00538C0C /* Controller */ = {
			isa = PBXGroup;
			children = (
				091923871A0BD7A500538C0C /* ADMeTableViewController.h */,
				091923881A0BD7A500538C0C /* ADMeTableViewController.m */,
			);
			path = Controller;
			sourceTree = "<group>";
		};
		091923761A0BD62A00538C0C /* Message */ = {
			isa = PBXGroup;
			children = (
				091923771A0BD62A00538C0C /* Controller */,
				09A299CB1A0D3CEC0073659F /* Mode */,
				091923791A0BD62A00538C0C /* View */,
			);
			path = Message;
			sourceTree = "<group>";
		};
		091923771A0BD62A00538C0C /* Controller */ = {
			isa = PBXGroup;
			children = (
				0919238A1A0BD7B500538C0C /* ADMessageTableViewController.h */,
				0919238B1A0BD7B500538C0C /* ADMessageTableViewController.m */,
			);
			path = Controller;
			sourceTree = "<group>";
		};
		091923791A0BD62A00538C0C /* View */ = {
			isa = PBXGroup;
			children = (
			);
			path = View;
			sourceTree = "<group>";
		};
		0919237A1A0BD6D800538C0C /* Main */ = {
			isa = PBXGroup;
			children = (
				0919238D1A0BDAE900538C0C /* ADTabBarController.h */,
				0919238E1A0BDAE900538C0C /* ADTabBarController.m */,
				09ED8BA81A0BDF9600328400 /* ADTabBar.h */,
				09ED8BA91A0BDF9600328400 /* ADTabBar.m */,
				09ED8BAB1A0BE15100328400 /* ADTabBarButton.h */,
				09ED8BAC1A0BE15100328400 /* ADTabBarButton.m */,
				09ED8BAE1A0BEA9000328400 /* ADBadgeButton.h */,
				09ED8BAF1A0BEA9000328400 /* ADBadgeButton.m */,
				09A6CF781A0CAFE30004543A /* ADNavigationViewController.h */,
				09A6CF791A0CAFE30004543A /* ADNavigationViewController.m */,
			);
			path = Main;
			sourceTree = "<group>";
		};
		091923901A0BDB3500538C0C /* Category */ = {
			isa = PBXGroup;
			children = (
				091923911A0BDB5F00538C0C /* UIImage+AD.h */,
				091923921A0BDB5F00538C0C /* UIImage+AD.m */,
				09A299B91A0D33560073659F /* ADSearbar.h */,
				09A299BA1A0D33560073659F /* ADSearbar.m */,
				09A299BF1A0D3BCD0073659F /* UIBarButtonItem+Custom.h */,
				09A299C01A0D3BCD0073659F /* UIBarButtonItem+Custom.m */,
			);
			path = Category;
			sourceTree = "<group>";
		};
		09A299C21A0D3C4A0073659F /* Mode */ = {
			isa = PBXGroup;
			children = (
			);
			path = Mode;
			sourceTree = "<group>";
		};
		09A299C31A0D3C4A0073659F /* View */ = {
			isa = PBXGroup;
			children = (
			);
			path = View;
			sourceTree = "<group>";
		};
		09A299C41A0D3CA60073659F /* Mode */ = {
			isa = PBXGroup;
			children = (
			);
			path = Mode;
			sourceTree = "<group>";
		};
		09A299C51A0D3CA60073659F /* View */ = {
			isa = PBXGroup;
			children = (
				09A299C61A0D3CA60073659F /* TitleButton.h */,
				09A299C71A0D3CA60073659F /* TitleButton.m */,
				09A75D7D1A0DEDF100A5B409 /* AlertView.h */,
				09A75D7E1A0DEDF100A5B409 /* AlertView.m */,
			);
			path = View;
			sourceTree = "<group>";
		};
		09A299C91A0D3CCA0073659F /* Mode */ = {
			isa = PBXGroup;
			children = (
			);
			path = Mode;
			sourceTree = "<group>";
		};
		09A299CA1A0D3CCA0073659F /* View */ = {
			isa = PBXGroup;
			children = (
			);
			path = View;
			sourceTree = "<group>";
		};
		09A299CB1A0D3CEC0073659F /* Mode */ = {
			isa = PBXGroup;
			children = (
			);
			path = Mode;
			sourceTree = "<group>";
		};
		09A339931A0E0A0800A45ADF /* Welcome */ = {
			isa = PBXGroup;
			children = (
				09A339941A0E0A6100A45ADF /* WelcomeViewController.h */,
				09A339951A0E0A6100A45ADF /* WelcomeViewController.m */,
			);
			path = Welcome;
			sourceTree = "<group>";
		};
		09A6CF751A0C9F5D0004543A /* lib */ = {
			isa = PBXGroup;
			children = (
				09A6CF761A0C9F840004543A /* Reveal.framework */,
			);
			path = lib;
			sourceTree = "<group>";
		};
/* End PBXGroup section */

/* Begin PBXNativeTarget section */
		091923361A0BD57600538C0C /* ADweibo */ = {
			isa = PBXNativeTarget;
			buildConfigurationList = 091923631A0BD57600538C0C /* Build configuration list for PBXNativeTarget "ADweibo" */;
			buildPhases = (
				091923331A0BD57600538C0C /* Sources */,
				091923341A0BD57600538C0C /* Frameworks */,
				091923351A0BD57600538C0C /* Resources */,
			);
			buildRules = (
			);
			dependencies = (
			);
			name = ADweibo;
			productName = ADweibo;
			productReference = 091923371A0BD57600538C0C /* ADweibo.app */;
			productType = "com.apple.product-type.application";
		};
		091923511A0BD57600538C0C /* ADweiboTests */ = {
			isa = PBXNativeTarget;
			buildConfigurationList = 091923661A0BD57600538C0C /* Build configuration list for PBXNativeTarget "ADweiboTests" */;
			buildPhases = (
				0919234E1A0BD57600538C0C /* Sources */,
				0919234F1A0BD57600538C0C /* Frameworks */,
				091923501A0BD57600538C0C /* Resources */,
			);
			buildRules = (
			);
			dependencies = (
				091923581A0BD57600538C0C /* PBXTargetDependency */,
			);
			name = ADweiboTests;
			productName = ADweiboTests;
			productReference = 091923521A0BD57600538C0C /* ADweiboTests.xctest */;
			productType = "com.apple.product-type.bundle.unit-test";
		};
/* End PBXNativeTarget section */

/* Begin PBXProject section */
		0919232F1A0BD57600538C0C /* Project object */ = {
			isa = PBXProject;
			attributes = {
				LastUpgradeCheck = 0510;
				ORGANIZATIONNAME = fad;
				TargetAttributes = {
					091923511A0BD57600538C0C = {
						TestTargetID = 091923361A0BD57600538C0C;
					};
				};
			};
			buildConfigurationList = 091923321A0BD57600538C0C /* Build configuration list for PBXProject "ADweibo" */;
			compatibilityVersion = "Xcode 3.2";
			developmentRegion = English;
			hasScannedForEncodings = 0;
			knownRegions = (
				en,
			);
			mainGroup = 0919232E1A0BD57600538C0C;
			productRefGroup = 091923381A0BD57600538C0C /* Products */;
			projectDirPath = "";
			projectRoot = "";
			targets = (
				091923361A0BD57600538C0C /* ADweibo */,
				091923511A0BD57600538C0C /* ADweiboTests */,
			);
		};
/* End PBXProject section */

/* Begin PBXResourcesBuildPhase section */
		091923351A0BD57600538C0C /* Resources */ = {
			isa = PBXResourcesBuildPhase;
			buildActionMask = 2147483647;
			files = (
				091923451A0BD57600538C0C /* InfoPlist.strings in Resources */,
				0919234D1A0BD57600538C0C /* Images.xcassets in Resources */,
			);
			runOnlyForDeploymentPostprocessing = 0;
		};
		091923501A0BD57600538C0C /* Resources */ = {
			isa = PBXResourcesBuildPhase;
			buildActionMask = 2147483647;
			files = (
				0919235E1A0BD57600538C0C /* InfoPlist.strings in Resources */,
			);
			runOnlyForDeploymentPostprocessing = 0;
		};
/* End PBXResourcesBuildPhase section */

/* Begin PBXSourcesBuildPhase section */
		091923331A0BD57600538C0C /* Sources */ = {
			isa = PBXSourcesBuildPhase;
			buildActionMask = 2147483647;
			files = (
				091923931A0BDB5F00538C0C /* UIImage+AD.m in Sources */,
				091923891A0BD7A500538C0C /* ADMeTableViewController.m in Sources */,
				0919234B1A0BD57600538C0C /* AppDelegate.m in Sources */,
				09A299C81A0D3CA60073659F /* TitleButton.m in Sources */,
				09ED8BAA1A0BDF9600328400 /* ADTabBar.m in Sources */,
				09ED8BB01A0BEA9000328400 /* ADBadgeButton.m in Sources */,
				091923861A0BD79100538C0C /* ADHomeTableViewController.m in Sources */,
				0919238F1A0BDAE900538C0C /* ADTabBarController.m in Sources */,
				09A299BB1A0D33560073659F /* ADSearbar.m in Sources */,
				09A75D7F1A0DEDF100A5B409 /* AlertView.m in Sources */,
				09A6CF7A1A0CAFE30004543A /* ADNavigationViewController.m in Sources */,
				09ED8BAD1A0BE15100328400 /* ADTabBarButton.m in Sources */,
				0919238C1A0BD7B500538C0C /* ADMessageTableViewController.m in Sources */,
				09A339961A0E0A6100A45ADF /* WelcomeViewController.m in Sources */,
				091923831A0BD77F00538C0C /* ADDiscoverTableViewController.m in Sources */,
				09A299C11A0D3BCD0073659F /* UIBarButtonItem+Custom.m in Sources */,
				091923471A0BD57600538C0C /* main.m in Sources */,
			);
			runOnlyForDeploymentPostprocessing = 0;
		};
		0919234E1A0BD57600538C0C /* Sources */ = {
			isa = PBXSourcesBuildPhase;
			buildActionMask = 2147483647;
			files = (
				091923601A0BD57600538C0C /* ADweiboTests.m in Sources */,
			);
			runOnlyForDeploymentPostprocessing = 0;
		};
/* End PBXSourcesBuildPhase section */

/* Begin PBXTargetDependency section */
		091923581A0BD57600538C0C /* PBXTargetDependency */ = {
			isa = PBXTargetDependency;
			target = 091923361A0BD57600538C0C /* ADweibo */;
			targetProxy = 091923571A0BD57600538C0C /* PBXContainerItemProxy */;
		};
/* End PBXTargetDependency section */

/* Begin PBXVariantGroup section */
		091923431A0BD57600538C0C /* InfoPlist.strings */ = {
			isa = PBXVariantGroup;
			children = (
				091923441A0BD57600538C0C /* en */,
			);
			name = InfoPlist.strings;
			sourceTree = "<group>";
		};
		0919235C1A0BD57600538C0C /* InfoPlist.strings */ = {
			isa = PBXVariantGroup;
			children = (
				0919235D1A0BD57600538C0C /* en */,
			);
			name = InfoPlist.strings;
			sourceTree = "<group>";
		};
/* End PBXVariantGroup section */

/* Begin XCBuildConfiguration section */
		091923611A0BD57600538C0C /* Debug */ = {
			isa = XCBuildConfiguration;
			buildSettings = {
				ALWAYS_SEARCH_USER_PATHS = NO;
				CLANG_CXX_LANGUAGE_STANDARD = "gnu++0x";
				CLANG_CXX_LIBRARY = "libc++";
				CLANG_ENABLE_MODULES = YES;
				CLANG_ENABLE_OBJC_ARC = YES;
				CLANG_WARN_BOOL_CONVERSION = YES;
				CLANG_WARN_CONSTANT_CONVERSION = YES;
				CLANG_WARN_DIRECT_OBJC_ISA_USAGE = YES_ERROR;
				CLANG_WARN_EMPTY_BODY = YES;
				CLANG_WARN_ENUM_CONVERSION = YES;
				CLANG_WARN_INT_CONVERSION = YES;
				CLANG_WARN_OBJC_ROOT_CLASS = YES_ERROR;
				CLANG_WARN__DUPLICATE_METHOD_MATCH = YES;
				"CODE_SIGN_IDENTITY[sdk=iphoneos*]" = "iPhone Developer";
				COPY_PHASE_STRIP = NO;
				GCC_C_LANGUAGE_STANDARD = gnu99;
				GCC_DYNAMIC_NO_PIC = NO;
				GCC_OPTIMIZATION_LEVEL = 0;
				GCC_PREPROCESSOR_DEFINITIONS = (
					"DEBUG=1",
					"$(inherited)",
				);
				GCC_SYMBOLS_PRIVATE_EXTERN = NO;
				GCC_WARN_64_TO_32_BIT_CONVERSION = YES;
				GCC_WARN_ABOUT_RETURN_TYPE = YES_ERROR;
				GCC_WARN_UNDECLARED_SELECTOR = YES;
				GCC_WARN_UNINITIALIZED_AUTOS = YES_AGGRESSIVE;
				GCC_WARN_UNUSED_FUNCTION = YES;
				GCC_WARN_UNUSED_VARIABLE = YES;
				IPHONEOS_DEPLOYMENT_TARGET = 7.1;
				ONLY_ACTIVE_ARCH = YES;
				SDKROOT = iphoneos;
			};
			name = Debug;
		};
		091923621A0BD57600538C0C /* Release */ = {
			isa = XCBuildConfiguration;
			buildSettings = {
				ALWAYS_SEARCH_USER_PATHS = NO;
				CLANG_CXX_LANGUAGE_STANDARD = "gnu++0x";
				CLANG_CXX_LIBRARY = "libc++";
				CLANG_ENABLE_MODULES = YES;
				CLANG_ENABLE_OBJC_ARC = YES;
				CLANG_WARN_BOOL_CONVERSION = YES;
				CLANG_WARN_CONSTANT_CONVERSION = YES;
				CLANG_WARN_DIRECT_OBJC_ISA_USAGE = YES_ERROR;
				CLANG_WARN_EMPTY_BODY = YES;
				CLANG_WARN_ENUM_CONVERSION = YES;
				CLANG_WARN_INT_CONVERSION = YES;
				CLANG_WARN_OBJC_ROOT_CLASS = YES_ERROR;
				CLANG_WARN__DUPLICATE_METHOD_MATCH = YES;
				"CODE_SIGN_IDENTITY[sdk=iphoneos*]" = "iPhone Developer";
				COPY_PHASE_STRIP = YES;
				ENABLE_NS_ASSERTIONS = NO;
				GCC_C_LANGUAGE_STANDARD = gnu99;
				GCC_WARN_64_TO_32_BIT_CONVERSION = YES;
				GCC_WARN_ABOUT_RETURN_TYPE = YES_ERROR;
				GCC_WARN_UNDECLARED_SELECTOR = YES;
				GCC_WARN_UNINITIALIZED_AUTOS = YES_AGGRESSIVE;
				GCC_WARN_UNUSED_FUNCTION = YES;
				GCC_WARN_UNUSED_VARIABLE = YES;
				IPHONEOS_DEPLOYMENT_TARGET = 7.1;
				SDKROOT = iphoneos;
				VALIDATE_PRODUCT = YES;
			};
			name = Release;
		};
		091923641A0BD57600538C0C /* Debug */ = {
			isa = XCBuildConfiguration;
			buildSettings = {
				ASSETCATALOG_COMPILER_APPICON_NAME = AppIcon;
				ASSETCATALOG_COMPILER_LAUNCHIMAGE_NAME = LaunchImage;
				FRAMEWORK_SEARCH_PATHS = (
					"$(inherited)",
					"$(PROJECT_DIR)/ADweibo/classes/lib",
				);
				GCC_PRECOMPILE_PREFIX_HEADER = YES;
				GCC_PREFIX_HEADER = "ADweibo/ADweibo-Prefix.pch";
				INFOPLIST_FILE = "ADweibo/ADweibo-Info.plist";
				IPHONEOS_DEPLOYMENT_TARGET = 6.1;
				"OTHER_LDFLAGS[arch=*]" = "-ObjC";
				PRODUCT_NAME = "$(TARGET_NAME)";
				WRAPPER_EXTENSION = app;
			};
			name = Debug;
		};
		091923651A0BD57600538C0C /* Release */ = {
			isa = XCBuildConfiguration;
			buildSettings = {
				ASSETCATALOG_COMPILER_APPICON_NAME = AppIcon;
				ASSETCATALOG_COMPILER_LAUNCHIMAGE_NAME = LaunchImage;
				FRAMEWORK_SEARCH_PATHS = (
					"$(inherited)",
					"$(PROJECT_DIR)/ADweibo/classes/lib",
				);
				GCC_PRECOMPILE_PREFIX_HEADER = YES;
				GCC_PREFIX_HEADER = "ADweibo/ADweibo-Prefix.pch";
				INFOPLIST_FILE = "ADweibo/ADweibo-Info.plist";
				IPHONEOS_DEPLOYMENT_TARGET = 6.1;
				PRODUCT_NAME = "$(TARGET_NAME)";
				WRAPPER_EXTENSION = app;
			};
			name = Release;
		};
		091923671A0BD57600538C0C /* Debug */ = {
			isa = XCBuildConfiguration;
			buildSettings = {
				BUNDLE_LOADER = "$(BUILT_PRODUCTS_DIR)/ADweibo.app/ADweibo";
				FRAMEWORK_SEARCH_PATHS = (
					"$(SDKROOT)/Developer/Library/Frameworks",
					"$(inherited)",
					"$(DEVELOPER_FRAMEWORKS_DIR)",
				);
				GCC_PRECOMPILE_PREFIX_HEADER = YES;
				GCC_PREFIX_HEADER = "ADweibo/ADweibo-Prefix.pch";
				GCC_PREPROCESSOR_DEFINITIONS = (
					"DEBUG=1",
					"$(inherited)",
				);
				INFOPLIST_FILE = "ADweiboTests/ADweiboTests-Info.plist";
				PRODUCT_NAME = "$(TARGET_NAME)";
				TEST_HOST = "$(BUNDLE_LOADER)";
				WRAPPER_EXTENSION = xctest;
			};
			name = Debug;
		};
		091923681A0BD57600538C0C /* Release */ = {
			isa = XCBuildConfiguration;
			buildSettings = {
				BUNDLE_LOADER = "$(BUILT_PRODUCTS_DIR)/ADweibo.app/ADweibo";
				FRAMEWORK_SEARCH_PATHS = (
					"$(SDKROOT)/Developer/Library/Frameworks",
					"$(inherited)",
					"$(DEVELOPER_FRAMEWORKS_DIR)",
				);
				GCC_PRECOMPILE_PREFIX_HEADER = YES;
				GCC_PREFIX_HEADER = "ADweibo/ADweibo-Prefix.pch";
				INFOPLIST_FILE = "ADweiboTests/ADweiboTests-Info.plist";
				PRODUCT_NAME = "$(TARGET_NAME)";
				TEST_HOST = "$(BUNDLE_LOADER)";
				WRAPPER_EXTENSION = xctest;
			};
			name = Release;
		};
/* End XCBuildConfiguration section */

/* Begin XCConfigurationList section */
		091923321A0BD57600538C0C /* Build configuration list for PBXProject "ADweibo" */ = {
			isa = XCConfigurationList;
			buildConfigurations = (
				091923611A0BD57600538C0C /* Debug */,
				091923621A0BD57600538C0C /* Release */,
			);
			defaultConfigurationIsVisible = 0;
			defaultConfigurationName = Release;
		};
		091923631A0BD57600538C0C /* Build configuration list for PBXNativeTarget "ADweibo" */ = {
			isa = XCConfigurationList;
			buildConfigurations = (
				091923641A0BD57600538C0C /* Debug */,
				091923651A0BD57600538C0C /* Release */,
			);
			defaultConfigurationIsVisible = 0;
			defaultConfigurationName = Release;
		};
		091923661A0BD57600538C0C /* Build configuration list for PBXNativeTarget "ADweiboTests" */ = {
			isa = XCConfigurationList;
			buildConfigurations = (
				091923671A0BD57600538C0C /* Debug */,
				091923681A0BD57600538C0C /* Release */,
			);
			defaultConfigurationIsVisible = 0;
			defaultConfigurationName = Release;
		};
/* End XCConfigurationList section */
	};
	rootObject = 0919232F1A0BD57600538C0C /* Project object */;
}
